
Microsoft Visual Studio Solution File, Format Version 12.00
# Visual Studio Version 17
VisualStudioVersion = 17.9.34607.119
MinimumVisualStudioVersion = 10.0.40219.1
Project("{9A19103F-16F7-4668-BE54-9A1E7A4F7556}") = "SavesServer", "SavesServer\SavesServer.csproj", "{2DCAAC94-EA2C-47E6-9DC2-CE659716EED9}"
EndProject
Project("{FAE04EC0-301F-11D3-BF4B-00C04F79EFBC}") = "CloudSaves.Client", "CloudSaves.Client\CloudSaves.Client.csproj", "{40B85C4F-E7B2-4890-8FC1-20F5DC67CE1A}"
EndProject
Global
	GlobalSection(SolutionConfigurationPlatforms) = preSolution
		Debug|Any CPU = Debug|Any CPU
		Release|Any CPU = Release|Any CPU
	EndGlobalSection
	GlobalSection(ProjectConfigurationPlatforms) = postSolution
		{2DCAAC94-EA2C-47E6-9DC2-CE659716EED9}.Debug|Any CPU.ActiveCfg = Debug|Any CPU
		{2DCAAC94-EA2C-47E6-9DC2-CE659716EED9}.Debug|Any CPU.Build.0 = Debug|Any CPU
		{2DCAAC94-EA2C-47E6-9DC2-CE659716EED9}.Release|Any CPU.ActiveCfg = Release|Any CPU
		{2DCAAC94-EA2C-47E6-9DC2-CE659716EED9}.Release|Any CPU.Build.0 = Release|Any CPU
		{40B85C4F-E7B2-4890-8FC1-20F5DC67CE1A}.Debug|Any CPU.ActiveCfg = Debug|Any CPU
		{40B85C4F-E7B2-4890-8FC1-20F5DC67CE1A}.Debug|Any CPU.Build.0 = Debug|Any CPU
		{40B85C4F-E7B2-4890-8FC1-20F5DC67CE1A}.Release|Any CPU.ActiveCfg = Release|Any CPU
		{40B85C4F-E7B2-4890-8FC1-20F5DC67CE1A}.Release|Any CPU.Build.0 = Release|Any CPU
	EndGlobalSection
	GlobalSection(SolutionProperties) = preSolution
		HideSolutionNode = FALSE
	EndGlobalSection
	GlobalSection(ExtensibilityGlobals) = postSolution
		SolutionGuid = {EECAC618-C74B-4A45-AFE8-39A2938032A1}
	EndGlobalSection
EndGlobal
